// !$*UTF8*$!
{
	archiveVersion = 1;
	classes = {
	};
	objectVersion = 56;
	objects = {

/* Begin PBXBuildFile section */
		39E7DA9229C8609800075594 /* TodoListAppApp.swift in Sources */ = {isa = PBXBuildFile; fileRef = 39E7DA9129C8609800075594 /* TodoListAppApp.swift */; };
		39E7DA9429C8609800075594 /* Persistence.swift in Sources */ = {isa = PBXBuildFile; fileRef = 39E7DA9329C8609800075594 /* Persistence.swift */; };
		39E7DA9729C8609800075594 /* TodoListApp.xcdatamodeld in Sources */ = {isa = PBXBuildFile; fileRef = 39E7DA9529C8609800075594 /* TodoListApp.xcdatamodeld */; };
		39E7DA9929C8609800075594 /* TaskListView.swift in Sources */ = {isa = PBXBuildFile; fileRef = 39E7DA9829C8609800075594 /* TaskListView.swift */; };
		39E7DA9B29C8609900075594 /* Assets.xcassets in Resources */ = {isa = PBXBuildFile; fileRef = 39E7DA9A29C8609900075594 /* Assets.xcassets */; };
		39E7DA9F29C8609900075594 /* Preview Assets.xcassets in Resources */ = {isa = PBXBuildFile; fileRef = 39E7DA9E29C8609900075594 /* Preview Assets.xcassets */; };
		39E7DAA629C878B600075594 /* FloatingButton.swift in Sources */ = {isa = PBXBuildFile; fileRef = 39E7DAA529C878B600075594 /* FloatingButton.swift */; };
		39E7DAA929C8799900075594 /* TaskEditView.swift in Sources */ = {isa = PBXBuildFile; fileRef = 39E7DAA829C8799900075594 /* TaskEditView.swift */; };
		39E7DAAB29C89AC600075594 /* DateHolder.swift in Sources */ = {isa = PBXBuildFile; fileRef = 39E7DAAA29C89AC600075594 /* DateHolder.swift */; };
		39E7DAAD29C8A29300075594 /* TaskCell.swift in Sources */ = {isa = PBXBuildFile; fileRef = 39E7DAAC29C8A29300075594 /* TaskCell.swift */; };
		39E7DAAF29C8A4EB00075594 /* CheckBoxView.swift in Sources */ = {isa = PBXBuildFile; fileRef = 39E7DAAE29C8A4EB00075594 /* CheckBoxView.swift */; };
		39E7DAB329C8A69200075594 /* TaskItemModel.swift in Sources */ = {isa = PBXBuildFile; fileRef = 39E7DAB229C8A69200075594 /* TaskItemModel.swift */; };
		39E7DAB529C8AFA100075594 /* DateScroller.swift in Sources */ = {isa = PBXBuildFile; fileRef = 39E7DAB429C8AFA100075594 /* DateScroller.swift */; };
		39E7DAB729C8D5CC00075594 /* TaskFilter.swift in Sources */ = {isa = PBXBuildFile; fileRef = 39E7DAB629C8D5CC00075594 /* TaskFilter.swift */; };
/* End PBXBuildFile section */

/* Begin PBXFileReference section */
		39E7DA8E29C8609800075594 /* TodoListApp.app */ = {isa = PBXFileReference; explicitFileType = wrapper.application; includeInIndex = 0; path = TodoListApp.app; sourceTree = BUILT_PRODUCTS_DIR; };
		39E7DA9129C8609800075594 /* TodoListAppApp.swift */ = {isa = PBXFileReference; lastKnownFileType = sourcecode.swift; path = TodoListAppApp.swift; sourceTree = "<group>"; };
		39E7DA9329C8609800075594 /* Persistence.swift */ = {isa = PBXFileReference; lastKnownFileType = sourcecode.swift; path = Persistence.swift; sourceTree = "<group>"; };
		39E7DA9629C8609800075594 /* TodoListApp.xcdatamodel */ = {isa = PBXFileReference; lastKnownFileType = wrapper.xcdatamodel; path = TodoListApp.xcdatamodel; sourceTree = "<group>"; };
		39E7DA9829C8609800075594 /* TaskListView.swift */ = {isa = PBXFileReference; lastKnownFileType = sourcecode.swift; path = TaskListView.swift; sourceTree = "<group>"; };
		39E7DA9A29C8609900075594 /* Assets.xcassets */ = {isa = PBXFileReference; lastKnownFileType = folder.assetcatalog; path = Assets.xcassets; sourceTree = "<group>"; };
		39E7DA9C29C8609900075594 /* TodoListApp.entitlements */ = {isa = PBXFileReference; lastKnownFileType = text.plist.entitlements; path = TodoListApp.entitlements; sourceTree = "<group>"; };
		39E7DA9E29C8609900075594 /* Preview Assets.xcassets */ = {isa = PBXFileReference; lastKnownFileType = folder.assetcatalog; path = "Preview Assets.xcassets"; sourceTree = "<group>"; };
		39E7DAA529C878B600075594 /* FloatingButton.swift */ = {isa = PBXFileReference; lastKnownFileType = sourcecode.swift; path = FloatingButton.swift; sourceTree = "<group>"; };
		39E7DAA829C8799900075594 /* TaskEditView.swift */ = {isa = PBXFileReference; lastKnownFileType = sourcecode.swift; path = TaskEditView.swift; sourceTree = "<group>"; };
		39E7DAAA29C89AC600075594 /* DateHolder.swift */ = {isa = PBXFileReference; lastKnownFileType = sourcecode.swift; path = DateHolder.swift; sourceTree = "<group>"; };
		39E7DAAC29C8A29300075594 /* TaskCell.swift */ = {isa = PBXFileReference; lastKnownFileType = sourcecode.swift; path = TaskCell.swift; sourceTree = "<group>"; };
		39E7DAAE29C8A4EB00075594 /* CheckBoxView.swift */ = {isa = PBXFileReference; lastKnownFileType = sourcecode.swift; path = CheckBoxView.swift; sourceTree = "<group>"; };
		39E7DAB229C8A69200075594 /* TaskItemModel.swift */ = {isa = PBXFileReference; lastKnownFileType = sourcecode.swift; path = TaskItemModel.swift; sourceTree = "<group>"; };
		39E7DAB429C8AFA100075594 /* DateScroller.swift */ = {isa = PBXFileReference; lastKnownFileType = sourcecode.swift; path = DateScroller.swift; sourceTree = "<group>"; };
		39E7DAB629C8D5CC00075594 /* TaskFilter.swift */ = {isa = PBXFileReference; lastKnownFileType = sourcecode.swift; path = TaskFilter.swift; sourceTree = "<group>"; };
/* End PBXFileReference section */

/* Begin PBXFrameworksBuildPhase section */
		39E7DA8B29C8609800075594 /* Frameworks */ = {
			isa = PBXFrameworksBuildPhase;
			buildActionMask = 2147483647;
			files = (
			);
			runOnlyForDeploymentPostprocessing = 0;
		};
/* End PBXFrameworksBuildPhase section */

/* Begin PBXGroup section */
		39E7DA8529C8609800075594 = {
			isa = PBXGroup;
			children = (
				39E7DAB129C8A64900075594 /* Model */,
				39E7DAA729C8797400075594 /* Views */,
				39E7DA9029C8609800075594 /* TodoListApp */,
				39E7DA8F29C8609800075594 /* Products */,
			);
			sourceTree = "<group>";
		};
		39E7DA8F29C8609800075594 /* Products */ = {
			isa = PBXGroup;
			children = (
				39E7DA8E29C8609800075594 /* TodoListApp.app */,
			);
			name = Products;
			sourceTree = "<group>";
		};
		39E7DA9029C8609800075594 /* TodoListApp */ = {
			isa = PBXGroup;
			children = (
				39E7DA9129C8609800075594 /* TodoListAppApp.swift */,
				39E7DA9A29C8609900075594 /* Assets.xcassets */,
				39E7DA9C29C8609900075594 /* TodoListApp.entitlements */,
				39E7DA9529C8609800075594 /* TodoListApp.xcdatamodeld */,
				39E7DA9D29C8609900075594 /* Preview Content */,
			);
			path = TodoListApp;
			sourceTree = "<group>";
		};
		39E7DA9D29C8609900075594 /* Preview Content */ = {
			isa = PBXGroup;
			children = (
				39E7DA9E29C8609900075594 /* Preview Assets.xcassets */,
			);
			path = "Preview Content";
			sourceTree = "<group>";
		};
		39E7DAA729C8797400075594 /* Views */ = {
			isa = PBXGroup;
			children = (
				39E7DA9829C8609800075594 /* TaskListView.swift */,
				39E7DAB429C8AFA100075594 /* DateScroller.swift */,
				39E7DAA529C878B600075594 /* FloatingButton.swift */,
				39E7DAAE29C8A4EB00075594 /* CheckBoxView.swift */,
				39E7DAA829C8799900075594 /* TaskEditView.swift */,
				39E7DAAC29C8A29300075594 /* TaskCell.swift */,
				39E7DAB629C8D5CC00075594 /* TaskFilter.swift */,
			);
			path = Views;
			sourceTree = "<group>";
		};
		39E7DAB129C8A64900075594 /* Model */ = {
			isa = PBXGroup;
			children = (
				39E7DAAA29C89AC600075594 /* DateHolder.swift */,
				39E7DA9329C8609800075594 /* Persistence.swift */,
				39E7DAB229C8A69200075594 /* TaskItemModel.swift */,
			);
			path = Model;
			sourceTree = "<group>";
		};
/* End PBXGroup section */

/* Begin PBXNativeTarget section */
		39E7DA8D29C8609800075594 /* TodoListApp */ = {
			isa = PBXNativeTarget;
			buildConfigurationList = 39E7DAA229C8609900075594 /* Build configuration list for PBXNativeTarget "TodoListApp" */;
			buildPhases = (
				39E7DA8A29C8609800075594 /* Sources */,
				39E7DA8B29C8609800075594 /* Frameworks */,
				39E7DA8C29C8609800075594 /* Resources */,
			);
			buildRules = (
			);
			dependencies = (
			);
			name = TodoListApp;
			productName = TodoListApp;
			productReference = 39E7DA8E29C8609800075594 /* TodoListApp.app */;
			productType = "com.apple.product-type.application";
		};
/* End PBXNativeTarget section */

/* Begin PBXProject section */
		39E7DA8629C8609800075594 /* Project object */ = {
			isa = PBXProject;
			attributes = {
				BuildIndependentTargetsInParallel = 1;
				LastSwiftUpdateCheck = 1420;
				LastUpgradeCheck = 1420;
				TargetAttributes = {
					39E7DA8D29C8609800075594 = {
						CreatedOnToolsVersion = 14.2;
					};
				};
			};
			buildConfigurationList = 39E7DA8929C8609800075594 /* Build configuration list for PBXProject "TodoListApp" */;
			compatibilityVersion = "Xcode 14.0";
			developmentRegion = en;
			hasScannedForEncodings = 0;
			knownRegions = (
				en,
				Base,
			);
			mainGroup = 39E7DA8529C8609800075594;
			productRefGroup = 39E7DA8F29C8609800075594 /* Products */;
			projectDirPath = "";
			projectRoot = "";
			targets = (
				39E7DA8D29C8609800075594 /* TodoListApp */,
			);
		};
/* End PBXProject section */

/* Begin PBXResourcesBuildPhase section */
		39E7DA8C29C8609800075594 /* Resources */ = {
			isa = PBXResourcesBuildPhase;
			buildActionMask = 2147483647;
			files = (
				39E7DA9F29C8609900075594 /* Preview Assets.xcassets in Resources */,
				39E7DA9B29C8609900075594 /* Assets.xcassets in Resources */,
			);
			runOnlyForDeploymentPostprocessing = 0;
		};
/* End PBXResourcesBuildPhase section */

/* Begin PBXSourcesBuildPhase section */
		39E7DA8A29C8609800075594 /* Sources */ = {
			isa = PBXSourcesBuildPhase;
			buildActionMask = 2147483647;
			files = (
				39E7DAAB29C89AC600075594 /* DateHolder.swift in Sources */,
				39E7DA9229C8609800075594 /* TodoListAppApp.swift in Sources */,
				39E7DA9729C8609800075594 /* TodoListApp.xcdatamodeld in Sources */,
				39E7DAA629C878B600075594 /* FloatingButton.swift in Sources */,
				39E7DAB729C8D5CC00075594 /* TaskFilter.swift in Sources */,
				39E7DAAF29C8A4EB00075594 /* CheckBoxView.swift in Sources */,
				39E7DAAD29C8A29300075594 /* TaskCell.swift in Sources */,
				39E7DAA929C8799900075594 /* TaskEditView.swift in Sources */,
				39E7DAB529C8AFA100075594 /* DateScroller.swift in Sources */,
				39E7DA9929C8609800075594 /* TaskListView.swift in Sources */,
				39E7DA9429C8609800075594 /* Persistence.swift in Sources */,
				39E7DAB329C8A69200075594 /* TaskItemModel.swift in Sources */,
			);
			runOnlyForDeploymentPostprocessing = 0;
		};
/* End PBXSourcesBuildPhase section */

/* Begin XCBuildConfiguration section */
		39E7DAA029C8609900075594 /* Debug */ = {
			isa = XCBuildConfiguration;
			buildSettings = {
				ALWAYS_SEARCH_USER_PATHS = NO;
				CLANG_ANALYZER_NONNULL = YES;
				CLANG_ANALYZER_NUMBER_OBJECT_CONVERSION = YES_AGGRESSIVE;
				CLANG_CXX_LANGUAGE_STANDARD = "gnu++20";
				CLANG_ENABLE_MODULES = YES;
				CLANG_ENABLE_OBJC_ARC = YES;
				CLANG_ENABLE_OBJC_WEAK = YES;
				CLANG_WARN_BLOCK_CAPTURE_AUTORELEASING = YES;
				CLANG_WARN_BOOL_CONVERSION = YES;
				CLANG_WARN_COMMA = YES;
				CLANG_WARN_CONSTANT_CONVERSION = YES;
				CLANG_WARN_DEPRECATED_OBJC_IMPLEMENTATIONS = YES;
				CLANG_WARN_DIRECT_OBJC_ISA_USAGE = YES_ERROR;
				CLANG_WARN_DOCUMENTATION_COMMENTS = YES;
				CLANG_WARN_EMPTY_BODY = YES;
				CLANG_WARN_ENUM_CONVERSION = YES;
				CLANG_WARN_INFINITE_RECURSION = YES;
				CLANG_WARN_INT_CONVERSION = YES;
				CLANG_WARN_NON_LITERAL_NULL_CONVERSION = YES;
				CLANG_WARN_OBJC_IMPLICIT_RETAIN_SELF = YES;
				CLANG_WARN_OBJC_LITERAL_CONVERSION = YES;
				CLANG_WARN_OBJC_ROOT_CLASS = YES_ERROR;
				CLANG_WARN_QUOTED_INCLUDE_IN_FRAMEWORK_HEADER = YES;
				CLANG_WARN_RANGE_LOOP_ANALYSIS = YES;
				CLANG_WARN_STRICT_PROTOTYPES = YES;
				CLANG_WARN_SUSPICIOUS_MOVE = YES;
				CLANG_WARN_UNGUARDED_AVAILABILITY = YES_AGGRESSIVE;
				CLANG_WARN_UNREACHABLE_CODE = YES;
				CLANG_WARN__DUPLICATE_METHOD_MATCH = YES;
				COPY_PHASE_STRIP = NO;
				DEBUG_INFORMATION_FORMAT = dwarf;
				ENABLE_STRICT_OBJC_MSGSEND = YES;
				ENABLE_TESTABILITY = YES;
				GCC_C_LANGUAGE_STANDARD = gnu11;
				GCC_DYNAMIC_NO_PIC = NO;
				GCC_NO_COMMON_BLOCKS = YES;
				GCC_OPTIMIZATION_LEVEL = 0;
				GCC_PREPROCESSOR_DEFINITIONS = (
					"DEBUG=1",
					"$(inherited)",
				);
				GCC_WARN_64_TO_32_BIT_CONVERSION = YES;
				GCC_WARN_ABOUT_RETURN_TYPE = YES_ERROR;
				GCC_WARN_UNDECLARED_SELECTOR = YES;
				GCC_WARN_UNINITIALIZED_AUTOS = YES_AGGRESSIVE;
				GCC_WARN_UNUSED_FUNCTION = YES;
				GCC_WARN_UNUSED_VARIABLE = YES;
				MTL_ENABLE_DEBUG_INFO = INCLUDE_SOURCE;
				MTL_FAST_MATH = YES;
				ONLY_ACTIVE_ARCH = YES;
				SWIFT_ACTIVE_COMPILATION_CONDITIONS = DEBUG;
				SWIFT_OPTIMIZATION_LEVEL = "-Onone";
			};
			name = Debug;
		};
		39E7DAA129C8609900075594 /* Release */ = {
			isa = XCBuildConfiguration;
			buildSettings = {
				ALWAYS_SEARCH_USER_PATHS = NO;
				CLANG_ANALYZER_NONNULL = YES;
				CLANG_ANALYZER_NUMBER_OBJECT_CONVERSION = YES_AGGRESSIVE;
				CLANG_CXX_LANGUAGE_STANDARD = "gnu++20";
				CLANG_ENABLE_MODULES = YES;
				CLANG_ENABLE_OBJC_ARC = YES;
				CLANG_ENABLE_OBJC_WEAK = YES;
				CLANG_WARN_BLOCK_CAPTURE_AUTORELEASING = YES;
				CLANG_WARN_BOOL_CONVERSION = YES;
				CLANG_WARN_COMMA = YES;
				CLANG_WARN_CONSTANT_CONVERSION = YES;
				CLANG_WARN_DEPRECATED_OBJC_IMPLEMENTATIONS = YES;
				CLANG_WARN_DIRECT_OBJC_ISA_USAGE = YES_ERROR;
				CLANG_WARN_DOCUMENTATION_COMMENTS = YES;
				CLANG_WARN_EMPTY_BODY = YES;
				CLANG_WARN_ENUM_CONVERSION = YES;
				CLANG_WARN_INFINITE_RECURSION = YES;
				CLANG_WARN_INT_CONVERSION = YES;
				CLANG_WARN_NON_LITERAL_NULL_CONVERSION = YES;
				CLANG_WARN_OBJC_IMPLICIT_RETAIN_SELF = YES;
				CLANG_WARN_OBJC_LITERAL_CONVERSION = YES;
				CLANG_WARN_OBJC_ROOT_CLASS = YES_ERROR;
				CLANG_WARN_QUOTED_INCLUDE_IN_FRAMEWORK_HEADER = YES;
				CLANG_WARN_RANGE_LOOP_ANALYSIS = YES;
				CLANG_WARN_STRICT_PROTOTYPES = YES;
				CLANG_WARN_SUSPICIOUS_MOVE = YES;
				CLANG_WARN_UNGUARDED_AVAILABILITY = YES_AGGRESSIVE;
				CLANG_WARN_UNREACHABLE_CODE = YES;
				CLANG_WARN__DUPLICATE_METHOD_MATCH = YES;
				COPY_PHASE_STRIP = NO;
				DEBUG_INFORMATION_FORMAT = "dwarf-with-dsym";
				ENABLE_NS_ASSERTIONS = NO;
				ENABLE_STRICT_OBJC_MSGSEND = YES;
				GCC_C_LANGUAGE_STANDARD = gnu11;
				GCC_NO_COMMON_BLOCKS = YES;
				GCC_WARN_64_TO_32_BIT_CONVERSION = YES;
				GCC_WARN_ABOUT_RETURN_TYPE = YES_ERROR;
				GCC_WARN_UNDECLARED_SELECTOR = YES;
				GCC_WARN_UNINITIALIZED_AUTOS = YES_AGGRESSIVE;
				GCC_WARN_UNUSED_FUNCTION = YES;
				GCC_WARN_UNUSED_VARIABLE = YES;
				MTL_ENABLE_DEBUG_INFO = NO;
				MTL_FAST_MATH = YES;
				SWIFT_COMPILATION_MODE = wholemodule;
				SWIFT_OPTIMIZATION_LEVEL = "-O";
			};
			name = Release;
		};
		39E7DAA329C8609900075594 /* Debug */ = {
			isa = XCBuildConfiguration;
			buildSettings = {
				ASSETCATALOG_COMPILER_APPICON_NAME = AppIcon;
				ASSETCATALOG_COMPILER_GLOBAL_ACCENT_COLOR_NAME = AccentColor;
				CODE_SIGN_ENTITLEMENTS = TodoListApp/TodoListApp.entitlements;
				CODE_SIGN_STYLE = Automatic;
				CURRENT_PROJECT_VERSION = 1;
				DEVELOPMENT_ASSET_PATHS = "\"TodoListApp/Preview Content\"";
				DEVELOPMENT_TEAM = 2XZRRH4HJG;
				ENABLE_HARDENED_RUNTIME = YES;
				ENABLE_PREVIEWS = YES;
				GENERATE_INFOPLIST_FILE = YES;
				"INFOPLIST_KEY_UIApplicationSceneManifest_Generation[sdk=iphoneos*]" = YES;
				"INFOPLIST_KEY_UIApplicationSceneManifest_Generation[sdk=iphonesimulator*]" = YES;
				"INFOPLIST_KEY_UIApplicationSupportsIndirectInputEvents[sdk=iphoneos*]" = YES;
				"INFOPLIST_KEY_UIApplicationSupportsIndirectInputEvents[sdk=iphonesimulator*]" = YES;
				"INFOPLIST_KEY_UILaunchScreen_Generation[sdk=iphoneos*]" = YES;
				"INFOPLIST_KEY_UILaunchScreen_Generation[sdk=iphonesimulator*]" = YES;
				"INFOPLIST_KEY_UIStatusBarStyle[sdk=iphoneos*]" = UIStatusBarStyleDefault;
				"INFOPLIST_KEY_UIStatusBarStyle[sdk=iphonesimulator*]" = UIStatusBarStyleDefault;
				INFOPLIST_KEY_UISupportedInterfaceOrientations_iPad = "UIInterfaceOrientationPortrait UIInterfaceOrientationPortraitUpsideDown UIInterfaceOrientationLandscapeLeft UIInterfaceOrientationLandscapeRight";
				INFOPLIST_KEY_UISupportedInterfaceOrientations_iPhone = "UIInterfaceOrientationPortrait UIInterfaceOrientationLandscapeLeft UIInterfaceOrientationLandscapeRight";
				IPHONEOS_DEPLOYMENT_TARGET = 16.2;
				LD_RUNPATH_SEARCH_PATHS = "@executable_path/Frameworks";
				"LD_RUNPATH_SEARCH_PATHS[sdk=macosx*]" = "@executable_path/../Frameworks";
				MACOSX_DEPLOYMENT_TARGET = 13.1;
				MARKETING_VERSION = 1.0;
				PRODUCT_BUNDLE_IDENTIFIER = D4.TodoListApp;
				PRODUCT_NAME = "$(TARGET_NAME)";
				SDKROOT = auto;
				SUPPORTED_PLATFORMS = "iphoneos iphonesimulator macosx";
				SWIFT_EMIT_LOC_STRINGS = YES;
				SWIFT_VERSION = 5.0;
				TARGETED_DEVICE_FAMILY = "1,2";
			};
			name = Debug;
		};
		39E7DAA429C8609900075594 /* Release */ = {
			isa = XCBuildConfiguration;
			buildSettings = {
				ASSETCATALOG_COMPILER_APPICON_NAME = AppIcon;
				ASSETCATALOG_COMPILER_GLOBAL_ACCENT_COLOR_NAME = AccentColor;
				CODE_SIGN_ENTITLEMENTS = TodoListApp/TodoListApp.entitlements;
				CODE_SIGN_STYLE = Automatic;
				CURRENT_PROJECT_VERSION = 1;
				DEVELOPMENT_ASSET_PATHS = "\"TodoListApp/Preview Content\"";
				DEVELOPMENT_TEAM = 2XZRRH4HJG;
				ENABLE_HARDENED_RUNTIME = YES;
				ENABLE_PREVIEWS = YES;
				GENERATE_INFOPLIST_FILE = YES;
				"INFOPLIST_KEY_UIApplicationSceneManifest_Generation[sdk=iphoneos*]" = YES;
				"INFOPLIST_KEY_UIApplicationSceneManifest_Generation[sdk=iphonesimulator*]" = YES;
				"INFOPLIST_KEY_UIApplicationSupportsIndirectInputEvents[sdk=iphoneos*]" = YES;
				"INFOPLIST_KEY_UIApplicationSupportsIndirectInputEvents[sdk=iphonesimulator*]" = YES;
				"INFOPLIST_KEY_UILaunchScreen_Generation[sdk=iphoneos*]" = YES;
				"INFOPLIST_KEY_UILaunchScreen_Generation[sdk=iphonesimulator*]" = YES;
				"INFOPLIST_KEY_UIStatusBarStyle[sdk=iphoneos*]" = UIStatusBarStyleDefault;
				"INFOPLIST_KEY_UIStatusBarStyle[sdk=iphonesimulator*]" = UIStatusBarStyleDefault;
				INFOPLIST_KEY_UISupportedInterfaceOrientations_iPad = "UIInterfaceOrientationPortrait UIInterfaceOrientationPortraitUpsideDown UIInterfaceOrientationLandscapeLeft UIInterfaceOrientationLandscapeRight";
				INFOPLIST_KEY_UISupportedInterfaceOrientations_iPhone = "UIInterfaceOrientationPortrait UIInterfaceOrientationLandscapeLeft UIInterfaceOrientationLandscapeRight";
				IPHONEOS_DEPLOYMENT_TARGET = 16.2;
				LD_RUNPATH_SEARCH_PATHS = "@executable_path/Frameworks";
				"LD_RUNPATH_SEARCH_PATHS[sdk=macosx*]" = "@executable_path/../Frameworks";
				MACOSX_DEPLOYMENT_TARGET = 13.1;
				MARKETING_VERSION = 1.0;
				PRODUCT_BUNDLE_IDENTIFIER = D4.TodoListApp;
				PRODUCT_NAME = "$(TARGET_NAME)";
				SDKROOT = auto;
				SUPPORTED_PLATFORMS = "iphoneos iphonesimulator macosx";
				SWIFT_EMIT_LOC_STRINGS = YES;
				SWIFT_VERSION = 5.0;
				TARGETED_DEVICE_FAMILY = "1,2";
			};
			name = Release;
		};
/* End XCBuildConfiguration section */

/* Begin XCConfigurationList section */
		39E7DA8929C8609800075594 /* Build configuration list for PBXProject "TodoListApp" */ = {
			isa = XCConfigurationList;
			buildConfigurations = (
				39E7DAA029C8609900075594 /* Debug */,
				39E7DAA129C8609900075594 /* Release */,
			);
			defaultConfigurationIsVisible = 0;
			defaultConfigurationName = Release;
		};
		39E7DAA229C8609900075594 /* Build configuration list for PBXNativeTarget "TodoListApp" */ = {
			isa = XCConfigurationList;
			buildConfigurations = (
				39E7DAA329C8609900075594 /* Debug */,
				39E7DAA429C8609900075594 /* Release */,
			);
			defaultConfigurationIsVisible = 0;
			defaultConfigurationName = Release;
		};
/* End XCConfigurationList section */

/* Begin XCVersionGroup section */
		39E7DA9529C8609800075594 /* TodoListApp.xcdatamodeld */ = {
			isa = XCVersionGroup;
			children = (
				39E7DA9629C8609800075594 /* TodoListApp.xcdatamodel */,
			);
			currentVersion = 39E7DA9629C8609800075594 /* TodoListApp.xcdatamodel */;
			path = TodoListApp.xcdatamodeld;
			sourceTree = "<group>";
			versionGroupType = wrapper.xcdatamodel;
		};
/* End XCVersionGroup section */
	};
	rootObject = 39E7DA8629C8609800075594 /* Project object */;
}
